
Microsoft Visual Studio Solution File, Format Version 12.00
# Visual Studio Version 17
VisualStudioVersion = 17.1.31911.260
MinimumVisualStudioVersion = 10.0.40219.1
Project("{9A19103F-16F7-4668-BE54-9A1E7A4F7556}") = "RunCalc", "RunCalc\RunCalc.csproj", "{818404BF-0127-49AC-9979-5A19D76B5545}"
EndProject
Project("{2150E333-8FDC-42A3-9474-1A3956D46DE8}") = "Solution Items", "Solution Items", "{EFDE5183-350B-4205-9E77-F26881C9E326}"
	ProjectSection(SolutionItems) = preProject
		..\.gitignore = ..\.gitignore
	EndProjectSection
EndProject
Global
	GlobalSection(SolutionConfigurationPlatforms) = preSolution
		Debug|Any CPU = Debug|Any CPU
		Release|Any CPU = Release|Any CPU
	EndGlobalSection
	GlobalSection(ProjectConfigurationPlatforms) = postSolution
		{818404BF-0127-49AC-9979-5A19D76B5545}.Debug|Any CPU.ActiveCfg = Debug|Any CPU
		{818404BF-0127-49AC-9979-5A19D76B5545}.Debug|Any CPU.Build.0 = Debug|Any CPU
		{818404BF-0127-49AC-9979-5A19D76B5545}.Release|Any CPU.ActiveCfg = Release|Any CPU
		{818404BF-0127-49AC-9979-5A19D76B5545}.Release|Any CPU.Build.0 = Release|Any CPU
	EndGlobalSection
	GlobalSection(SolutionProperties) = preSolution
		HideSolutionNode = FALSE
	EndGlobalSection
	GlobalSection(ExtensibilityGlobals) = postSolution
		SolutionGuid = {0D40F694-758A-41B0-BD92-8B0C5306C944}
	EndGlobalSection
EndGlobal
